// !$*UTF8*$!
{
	archiveVersion = 1;
	classes = {
	};
	objectVersion = 77;
	objects = {

/* Begin PBXBuildFile section */
		0AE475C8332F130DE61B716E /* AIOrganizeServiceTests.swift in Sources */ = {isa = PBXBuildFile; fileRef = F3AF2FC84D955F98D45D27B1 /* AIOrganizeServiceTests.swift */; };
		0BFDC283FC6679F917FB85C5 /* FileOperationServiceTests.swift in Sources */ = {isa = PBXBuildFile; fileRef = 51B056B24F605E5B72AAF040 /* FileOperationServiceTests.swift */; };
		0E17B4571498C37AE157007C /* PlanValidatorTests.swift in Sources */ = {isa = PBXBuildFile; fileRef = 5E3338B9DC51C7DDC7B93181 /* PlanValidatorTests.swift */; };
		11070D15585968AC8ED7E2D9 /* ArchiveOperationTests.swift in Sources */ = {isa = PBXBuildFile; fileRef = 1BA5ED883DF029A95F662B80 /* ArchiveOperationTests.swift */; };
		110D361C68AF00C83B61BF0C /* WorkspaceTemplateStore.swift in Sources */ = {isa = PBXBuildFile; fileRef = 445A76C5527EB6E25D6B0738 /* WorkspaceTemplateStore.swift */; };
		139726AB40EEC6CC592A0A45 /* BatchRenameEngineTests.swift in Sources */ = {isa = PBXBuildFile; fileRef = 8C93439FBAC9178C115818C3 /* BatchRenameEngineTests.swift */; };
		23149A507CF22115FB5D694E /* CursorCLIPlannerTests.swift in Sources */ = {isa = PBXBuildFile; fileRef = C74F65F113C8350A432D2C3F /* CursorCLIPlannerTests.swift */; };
		25A4BE6460C97FECB5DCD607 /* RenameSheet.swift in Sources */ = {isa = PBXBuildFile; fileRef = 53D77B6BE8CFE05DB7EFDBE8 /* RenameSheet.swift */; };
		25B7C2C99E34D89593E66F5A /* DirectoryMonitor.swift in Sources */ = {isa = PBXBuildFile; fileRef = A4B6980AA55AF791A78D9532 /* DirectoryMonitor.swift */; };
		2A4332CC141A94C6F7F4C83C /* BrowserLocation.swift in Sources */ = {isa = PBXBuildFile; fileRef = 91EEC915B26864ECE2CA4DD8 /* BrowserLocation.swift */; };
		3BA7EFCB3BC2A9FF97B1DA97 /* WorkspaceTemplateStoreTests.swift in Sources */ = {isa = PBXBuildFile; fileRef = 7934DCFA414BBB9F30DDEB58 /* WorkspaceTemplateStoreTests.swift */; };
		42F08FB46FB4D42E172AF033 /* FileOperationService.swift in Sources */ = {isa = PBXBuildFile; fileRef = 5C6F474898998FE0484E237F /* FileOperationService.swift */; };
		459181B75CAB943786B02ABA /* QuickLookManager.swift in Sources */ = {isa = PBXBuildFile; fileRef = F6B70D849D3B3CDEC367A4D9 /* QuickLookManager.swift */; };
		4D5488DD25333F664936C0E9 /* WorkspaceLayoutView.swift in Sources */ = {isa = PBXBuildFile; fileRef = 9414CFA53A150CFAABE6A865 /* WorkspaceLayoutView.swift */; };
		4F2DC7485620A11FF3DE6984 /* MultiFinderApp.swift in Sources */ = {isa = PBXBuildFile; fileRef = B2E05E259EB891B66AC203CC /* MultiFinderApp.swift */; };
		527A8393819338603844F00C /* AIPlanParsingTests.swift in Sources */ = {isa = PBXBuildFile; fileRef = 36B613C18B03E38A73C4D6E3 /* AIPlanParsingTests.swift */; };
		5A1DA763E8FE6D45C1DCB115 /* LayoutManager.swift in Sources */ = {isa = PBXBuildFile; fileRef = 82557BDCBDA35EF9B49E77A6 /* LayoutManager.swift */; };
		5DA84F5AAD9BC66288409FA2 /* FileClipboardTests.swift in Sources */ = {isa = PBXBuildFile; fileRef = 42B0BBBD7B7D4D90924AD4A1 /* FileClipboardTests.swift */; };
		6ACF79E88D9D4FA3CD9D34B7 /* AIPlanModels.swift in Sources */ = {isa = PBXBuildFile; fileRef = CAE9E60349D7A48D96A75554 /* AIPlanModels.swift */; };
		75329D97814E8FA4C9352938 /* Assets.xcassets in Resources */ = {isa = PBXBuildFile; fileRef = 54A7E3AABB973E9A257D48DE /* Assets.xcassets */; };
		788258599F4078CCB973660B /* FileItemTests.swift in Sources */ = {isa = PBXBuildFile; fileRef = F3DB8A9C48FD94E7A4741BE5 /* FileItemTests.swift */; };
		7CB87A60F32132F679DC1C67 /* main.swift in Sources */ = {isa = PBXBuildFile; fileRef = 06C0F5BB0C64FA6BF498A7DD /* main.swift */; };
		7E483BDE7E3105CB6D347711 /* PathBarView.swift in Sources */ = {isa = PBXBuildFile; fileRef = 78DA56452FBD8D4ED213F84C /* PathBarView.swift */; };
		8058104C38913DB3340D2148 /* BatchRenameEngine.swift in Sources */ = {isa = PBXBuildFile; fileRef = AC515A3934BE36C9832BF627 /* BatchRenameEngine.swift */; };
		81706A4AD14DE6CCB219AF5E /* ExternalOpenRequest.swift in Sources */ = {isa = PBXBuildFile; fileRef = C51B17CC51D039EBE81CF809 /* ExternalOpenRequest.swift */; };
		88E9C87C8F4CE484830FE867 /* LayoutManagerTests.swift in Sources */ = {isa = PBXBuildFile; fileRef = 705E10C5B1AE71D5ED140007 /* LayoutManagerTests.swift */; };
		94A94C23D9FC00A87F160196 /* FileItem.swift in Sources */ = {isa = PBXBuildFile; fileRef = F3EE0F6EB779A0C48C755723 /* FileItem.swift */; };
		9C2A094FD649E6C917B99B57 /* ExternalIntegrationTests.swift in Sources */ = {isa = PBXBuildFile; fileRef = 892C836D15B2B1EB67109FC5 /* ExternalIntegrationTests.swift */; };
		AA31490681D0F7113AF34995 /* AIPlanValidator.swift in Sources */ = {isa = PBXBuildFile; fileRef = F50ED281A635BA3741111738 /* AIPlanValidator.swift */; };
		B6B9FF7852382CD98C4F0F57 /* ITermService.swift in Sources */ = {isa = PBXBuildFile; fileRef = B0C55A716675E551BA88676E /* ITermService.swift */; };
		B75DCA3A986A6C18A28B4A43 /* FileBrowserPane.swift in Sources */ = {isa = PBXBuildFile; fileRef = 11238B9B349B0A590E983336 /* FileBrowserPane.swift */; };
		BAC50EAD4DB2DAA292B1B82B /* FavoritesStoreTests.swift in Sources */ = {isa = PBXBuildFile; fileRef = DE773915D5DE13A82CCFED77 /* FavoritesStoreTests.swift */; };
		BB7830BA34903074D4DAD53A /* FileClipboard.swift in Sources */ = {isa = PBXBuildFile; fileRef = 10D54B46DC62B3D9EC526A6A /* FileClipboard.swift */; };
		C7950892B535B8EA18D84EE3 /* FileListView.swift in Sources */ = {isa = PBXBuildFile; fileRef = 67D8DABCB154486D40A867DD /* FileListView.swift */; };
		D0D9F7BBC005885E02F91DD9 /* IconCache.swift in Sources */ = {isa = PBXBuildFile; fileRef = 45584B3388FB270698ACDA84 /* IconCache.swift */; };
		D676D80DD3694BBF16913DC0 /* BatchRenameSheet.swift in Sources */ = {isa = PBXBuildFile; fileRef = BB44C1CE4356030487D795F5 /* BatchRenameSheet.swift */; };
		DF7BD06F5D19C31E5AC65F3F /* ContentView.swift in Sources */ = {isa = PBXBuildFile; fileRef = E107ACB45970C4B93AC1B778 /* ContentView.swift */; };
		E44A2FC3B8EBB7D55734E7F3 /* FileBrowserViewModel.swift in Sources */ = {isa = PBXBuildFile; fileRef = 0671CA49995511119494EE21 /* FileBrowserViewModel.swift */; };
		EC057E6DDF77D0673EA0183D /* CursorCLIPlanner.swift in Sources */ = {isa = PBXBuildFile; fileRef = 10C14B31973F30BED1506030 /* CursorCLIPlanner.swift */; };
		EF0B954B30A7433A1009086F /* FileBrowserViewModelTests.swift in Sources */ = {isa = PBXBuildFile; fileRef = 77F668F258A38637E866EDBA /* FileBrowserViewModelTests.swift */; };
		F0FF2A55E0D796D0D22775FE /* SidebarView.swift in Sources */ = {isa = PBXBuildFile; fileRef = 375AAEE7EE3640C7AB5FB958 /* SidebarView.swift */; };
		FA0DC5856829222F95E0883D /* FavoritesStore.swift in Sources */ = {isa = PBXBuildFile; fileRef = 86EEF2B4325FD5736CBAF440 /* FavoritesStore.swift */; };
/* End PBXBuildFile section */

/* Begin PBXContainerItemProxy section */
		1AAFA5CFD4DAE51DC14CE921 /* PBXContainerItemProxy */ = {
			isa = PBXContainerItemProxy;
			containerPortal = 89FFA9CECF96F4369AD545BE /* Project object */;
			proxyType = 1;
			remoteGlobalIDString = 5E5D51B969C5C0190459A165;
			remoteInfo = MultiFinder;
		};
		E601D556052E95746DE9AEAF /* PBXContainerItemProxy */ = {
			isa = PBXContainerItemProxy;
			containerPortal = 89FFA9CECF96F4369AD545BE /* Project object */;
			proxyType = 1;
			remoteGlobalIDString = CA6B099FF3988B0E3CE5D479;
			remoteInfo = mfd;
		};
/* End PBXContainerItemProxy section */

/* Begin PBXFileReference section */
		02171D693DB68FEC50440DF8 /* mfd */ = {isa = PBXFileReference; includeInIndex = 0; path = mfd; sourceTree = BUILT_PRODUCTS_DIR; };
		0671CA49995511119494EE21 /* FileBrowserViewModel.swift */ = {isa = PBXFileReference; lastKnownFileType = sourcecode.swift; path = FileBrowserViewModel.swift; sourceTree = "<group>"; };
		06C0F5BB0C64FA6BF498A7DD /* main.swift */ = {isa = PBXFileReference; lastKnownFileType = sourcecode.swift; path = main.swift; sourceTree = "<group>"; };
		10C14B31973F30BED1506030 /* CursorCLIPlanner.swift */ = {isa = PBXFileReference; lastKnownFileType = sourcecode.swift; path = CursorCLIPlanner.swift; sourceTree = "<group>"; };
		10D54B46DC62B3D9EC526A6A /* FileClipboard.swift */ = {isa = PBXFileReference; lastKnownFileType = sourcecode.swift; path = FileClipboard.swift; sourceTree = "<group>"; };
		11238B9B349B0A590E983336 /* FileBrowserPane.swift */ = {isa = PBXFileReference; lastKnownFileType = sourcecode.swift; path = FileBrowserPane.swift; sourceTree = "<group>"; };
		1BA5ED883DF029A95F662B80 /* ArchiveOperationTests.swift */ = {isa = PBXFileReference; lastKnownFileType = sourcecode.swift; path = ArchiveOperationTests.swift; sourceTree = "<group>"; };
		1D89C6F66E2C191657CFF4A4 /* MultiFinderTests.xctest */ = {isa = PBXFileReference; explicitFileType = wrapper.cfbundle; includeInIndex = 0; path = MultiFinderTests.xctest; sourceTree = BUILT_PRODUCTS_DIR; };
		2584D6122AAD197C878837D0 /* MultiFinder.entitlements */ = {isa = PBXFileReference; lastKnownFileType = text.plist.entitlements; path = MultiFinder.entitlements; sourceTree = "<group>"; };
		36B613C18B03E38A73C4D6E3 /* AIPlanParsingTests.swift */ = {isa = PBXFileReference; lastKnownFileType = sourcecode.swift; path = AIPlanParsingTests.swift; sourceTree = "<group>"; };
		375AAEE7EE3640C7AB5FB958 /* SidebarView.swift */ = {isa = PBXFileReference; lastKnownFileType = sourcecode.swift; path = SidebarView.swift; sourceTree = "<group>"; };
		42B0BBBD7B7D4D90924AD4A1 /* FileClipboardTests.swift */ = {isa = PBXFileReference; lastKnownFileType = sourcecode.swift; path = FileClipboardTests.swift; sourceTree = "<group>"; };
		445A76C5527EB6E25D6B0738 /* WorkspaceTemplateStore.swift */ = {isa = PBXFileReference; lastKnownFileType = sourcecode.swift; path = WorkspaceTemplateStore.swift; sourceTree = "<group>"; };
		45584B3388FB270698ACDA84 /* IconCache.swift */ = {isa = PBXFileReference; lastKnownFileType = sourcecode.swift; path = IconCache.swift; sourceTree = "<group>"; };
		51B056B24F605E5B72AAF040 /* FileOperationServiceTests.swift */ = {isa = PBXFileReference; lastKnownFileType = sourcecode.swift; path = FileOperationServiceTests.swift; sourceTree = "<group>"; };
		53D77B6BE8CFE05DB7EFDBE8 /* RenameSheet.swift */ = {isa = PBXFileReference; lastKnownFileType = sourcecode.swift; path = RenameSheet.swift; sourceTree = "<group>"; };
		54A7E3AABB973E9A257D48DE /* Assets.xcassets */ = {isa = PBXFileReference; lastKnownFileType = folder.assetcatalog; path = Assets.xcassets; sourceTree = "<group>"; };
		5C6F474898998FE0484E237F /* FileOperationService.swift */ = {isa = PBXFileReference; lastKnownFileType = sourcecode.swift; path = FileOperationService.swift; sourceTree = "<group>"; };
		5E3338B9DC51C7DDC7B93181 /* PlanValidatorTests.swift */ = {isa = PBXFileReference; lastKnownFileType = sourcecode.swift; path = PlanValidatorTests.swift; sourceTree = "<group>"; };
		67D8DABCB154486D40A867DD /* FileListView.swift */ = {isa = PBXFileReference; lastKnownFileType = sourcecode.swift; path = FileListView.swift; sourceTree = "<group>"; };
		69352263F3CBCD8CFC42EFB3 /* MultiFinder.app */ = {isa = PBXFileReference; explicitFileType = wrapper.application; includeInIndex = 0; path = MultiFinder.app; sourceTree = BUILT_PRODUCTS_DIR; };
		705E10C5B1AE71D5ED140007 /* LayoutManagerTests.swift */ = {isa = PBXFileReference; lastKnownFileType = sourcecode.swift; path = LayoutManagerTests.swift; sourceTree = "<group>"; };
		77F668F258A38637E866EDBA /* FileBrowserViewModelTests.swift */ = {isa = PBXFileReference; lastKnownFileType = sourcecode.swift; path = FileBrowserViewModelTests.swift; sourceTree = "<group>"; };
		78DA56452FBD8D4ED213F84C /* PathBarView.swift */ = {isa = PBXFileReference; lastKnownFileType = sourcecode.swift; path = PathBarView.swift; sourceTree = "<group>"; };
		7934DCFA414BBB9F30DDEB58 /* WorkspaceTemplateStoreTests.swift */ = {isa = PBXFileReference; lastKnownFileType = sourcecode.swift; path = WorkspaceTemplateStoreTests.swift; sourceTree = "<group>"; };
		82557BDCBDA35EF9B49E77A6 /* LayoutManager.swift */ = {isa = PBXFileReference; lastKnownFileType = sourcecode.swift; path = LayoutManager.swift; sourceTree = "<group>"; };
		86EEF2B4325FD5736CBAF440 /* FavoritesStore.swift */ = {isa = PBXFileReference; lastKnownFileType = sourcecode.swift; path = FavoritesStore.swift; sourceTree = "<group>"; };
		892C836D15B2B1EB67109FC5 /* ExternalIntegrationTests.swift */ = {isa = PBXFileReference; lastKnownFileType = sourcecode.swift; path = ExternalIntegrationTests.swift; sourceTree = "<group>"; };
		8C93439FBAC9178C115818C3 /* BatchRenameEngineTests.swift */ = {isa = PBXFileReference; lastKnownFileType = sourcecode.swift; path = BatchRenameEngineTests.swift; sourceTree = "<group>"; };
		91EEC915B26864ECE2CA4DD8 /* BrowserLocation.swift */ = {isa = PBXFileReference; lastKnownFileType = sourcecode.swift; path = BrowserLocation.swift; sourceTree = "<group>"; };
		9414CFA53A150CFAABE6A865 /* WorkspaceLayoutView.swift */ = {isa = PBXFileReference; lastKnownFileType = sourcecode.swift; path = WorkspaceLayoutView.swift; sourceTree = "<group>"; };
		A4B6980AA55AF791A78D9532 /* DirectoryMonitor.swift */ = {isa = PBXFileReference; lastKnownFileType = sourcecode.swift; path = DirectoryMonitor.swift; sourceTree = "<group>"; };
		AC515A3934BE36C9832BF627 /* BatchRenameEngine.swift */ = {isa = PBXFileReference; lastKnownFileType = sourcecode.swift; path = BatchRenameEngine.swift; sourceTree = "<group>"; };
		B0C55A716675E551BA88676E /* ITermService.swift */ = {isa = PBXFileReference; lastKnownFileType = sourcecode.swift; path = ITermService.swift; sourceTree = "<group>"; };
		B2E05E259EB891B66AC203CC /* MultiFinderApp.swift */ = {isa = PBXFileReference; lastKnownFileType = sourcecode.swift; path = MultiFinderApp.swift; sourceTree = "<group>"; };
		BB44C1CE4356030487D795F5 /* BatchRenameSheet.swift */ = {isa = PBXFileReference; lastKnownFileType = sourcecode.swift; path = BatchRenameSheet.swift; sourceTree = "<group>"; };
		C51B17CC51D039EBE81CF809 /* ExternalOpenRequest.swift */ = {isa = PBXFileReference; lastKnownFileType = sourcecode.swift; path = ExternalOpenRequest.swift; sourceTree = "<group>"; };
		C74F65F113C8350A432D2C3F /* CursorCLIPlannerTests.swift */ = {isa = PBXFileReference; lastKnownFileType = sourcecode.swift; path = CursorCLIPlannerTests.swift; sourceTree = "<group>"; };
		CAE9E60349D7A48D96A75554 /* AIPlanModels.swift */ = {isa = PBXFileReference; lastKnownFileType = sourcecode.swift; path = AIPlanModels.swift; sourceTree = "<group>"; };
		DE773915D5DE13A82CCFED77 /* FavoritesStoreTests.swift */ = {isa = PBXFileReference; lastKnownFileType = sourcecode.swift; path = FavoritesStoreTests.swift; sourceTree = "<group>"; };
		E107ACB45970C4B93AC1B778 /* ContentView.swift */ = {isa = PBXFileReference; lastKnownFileType = sourcecode.swift; path = ContentView.swift; sourceTree = "<group>"; };
		E40C2D2BDBEC67F652E98B55 /* Info.plist */ = {isa = PBXFileReference; lastKnownFileType = text.plist; path = Info.plist; sourceTree = "<group>"; };
		F3AF2FC84D955F98D45D27B1 /* AIOrganizeServiceTests.swift */ = {isa = PBXFileReference; lastKnownFileType = sourcecode.swift; path = AIOrganizeServiceTests.swift; sourceTree = "<group>"; };
		F3DB8A9C48FD94E7A4741BE5 /* FileItemTests.swift */ = {isa = PBXFileReference; lastKnownFileType = sourcecode.swift; path = FileItemTests.swift; sourceTree = "<group>"; };
		F3EE0F6EB779A0C48C755723 /* FileItem.swift */ = {isa = PBXFileReference; lastKnownFileType = sourcecode.swift; path = FileItem.swift; sourceTree = "<group>"; };
		F50ED281A635BA3741111738 /* AIPlanValidator.swift */ = {isa = PBXFileReference; lastKnownFileType = sourcecode.swift; path = AIPlanValidator.swift; sourceTree = "<group>"; };
		F6B70D849D3B3CDEC367A4D9 /* QuickLookManager.swift */ = {isa = PBXFileReference; lastKnownFileType = sourcecode.swift; path = QuickLookManager.swift; sourceTree = "<group>"; };
		"TEMP_682E9112-88E0-4610-A263-AD970A9931BC" /* Signing.release.xcconfig */ = {isa = PBXFileReference; lastKnownFileType = text.xcconfig; path = Signing.release.xcconfig; sourceTree = "<group>"; };
/* End PBXFileReference section */

/* Begin PBXGroup section */
		41184FF93095C617F606D71B = {
			isa = PBXGroup;
			children = (
				5D217777DEF41BAA41973BC2 /* MFDCLI */,
				5C662DA4605A689B61D22F09 /* MultiFinder */,
				BC709CAF3B0CFA5C5AE781A1 /* MultiFinderTests */,
				90AC558C6ECFE2C9642D7722 /* Products */,
			);
			sourceTree = "<group>";
		};
		5C662DA4605A689B61D22F09 /* MultiFinder */ = {
			isa = PBXGroup;
			children = (
				54A7E3AABB973E9A257D48DE /* Assets.xcassets */,
				E40C2D2BDBEC67F652E98B55 /* Info.plist */,
				2584D6122AAD197C878837D0 /* MultiFinder.entitlements */,
				B2E05E259EB891B66AC203CC /* MultiFinderApp.swift */,
				B3E5E4978D3D5B7449106D23 /* Models */,
				E1D561E527B6AA95A421F655 /* Services */,
				6E44189286989306B6C3BD11 /* ViewModels */,
				D195284BF93ADAA72BE45A07 /* Views */,
			);
			path = MultiFinder;
			sourceTree = "<group>";
		};
		5D217777DEF41BAA41973BC2 /* MFDCLI */ = {
			isa = PBXGroup;
			children = (
				06C0F5BB0C64FA6BF498A7DD /* main.swift */,
			);
			path = MFDCLI;
			sourceTree = "<group>";
		};
		6E44189286989306B6C3BD11 /* ViewModels */ = {
			isa = PBXGroup;
			children = (
				0671CA49995511119494EE21 /* FileBrowserViewModel.swift */,
				82557BDCBDA35EF9B49E77A6 /* LayoutManager.swift */,
			);
			path = ViewModels;
			sourceTree = "<group>";
		};
		90AC558C6ECFE2C9642D7722 /* Products */ = {
			isa = PBXGroup;
			children = (
				02171D693DB68FEC50440DF8 /* mfd */,
				69352263F3CBCD8CFC42EFB3 /* MultiFinder.app */,
				1D89C6F66E2C191657CFF4A4 /* MultiFinderTests.xctest */,
			);
			name = Products;
			sourceTree = "<group>";
		};
		B3E5E4978D3D5B7449106D23 /* Models */ = {
			isa = PBXGroup;
			children = (
				91EEC915B26864ECE2CA4DD8 /* BrowserLocation.swift */,
				C51B17CC51D039EBE81CF809 /* ExternalOpenRequest.swift */,
				F3EE0F6EB779A0C48C755723 /* FileItem.swift */,
			);
			path = Models;
			sourceTree = "<group>";
		};
		BC709CAF3B0CFA5C5AE781A1 /* MultiFinderTests */ = {
			isa = PBXGroup;
			children = (
				F3AF2FC84D955F98D45D27B1 /* AIOrganizeServiceTests.swift */,
				36B613C18B03E38A73C4D6E3 /* AIPlanParsingTests.swift */,
				1BA5ED883DF029A95F662B80 /* ArchiveOperationTests.swift */,
				8C93439FBAC9178C115818C3 /* BatchRenameEngineTests.swift */,
				C74F65F113C8350A432D2C3F /* CursorCLIPlannerTests.swift */,
				892C836D15B2B1EB67109FC5 /* ExternalIntegrationTests.swift */,
				DE773915D5DE13A82CCFED77 /* FavoritesStoreTests.swift */,
				77F668F258A38637E866EDBA /* FileBrowserViewModelTests.swift */,
				42B0BBBD7B7D4D90924AD4A1 /* FileClipboardTests.swift */,
				F3DB8A9C48FD94E7A4741BE5 /* FileItemTests.swift */,
				51B056B24F605E5B72AAF040 /* FileOperationServiceTests.swift */,
				705E10C5B1AE71D5ED140007 /* LayoutManagerTests.swift */,
				5E3338B9DC51C7DDC7B93181 /* PlanValidatorTests.swift */,
				7934DCFA414BBB9F30DDEB58 /* WorkspaceTemplateStoreTests.swift */,
			);
			path = MultiFinderTests;
			sourceTree = "<group>";
		};
		D195284BF93ADAA72BE45A07 /* Views */ = {
			isa = PBXGroup;
			children = (
				BB44C1CE4356030487D795F5 /* BatchRenameSheet.swift */,
				E107ACB45970C4B93AC1B778 /* ContentView.swift */,
				11238B9B349B0A590E983336 /* FileBrowserPane.swift */,
				67D8DABCB154486D40A867DD /* FileListView.swift */,
				78DA56452FBD8D4ED213F84C /* PathBarView.swift */,
				53D77B6BE8CFE05DB7EFDBE8 /* RenameSheet.swift */,
				375AAEE7EE3640C7AB5FB958 /* SidebarView.swift */,
				9414CFA53A150CFAABE6A865 /* WorkspaceLayoutView.swift */,
			);
			path = Views;
			sourceTree = "<group>";
		};
		E1D561E527B6AA95A421F655 /* Services */ = {
			isa = PBXGroup;
			children = (
				CAE9E60349D7A48D96A75554 /* AIPlanModels.swift */,
				F50ED281A635BA3741111738 /* AIPlanValidator.swift */,
				AC515A3934BE36C9832BF627 /* BatchRenameEngine.swift */,
				10C14B31973F30BED1506030 /* CursorCLIPlanner.swift */,
				A4B6980AA55AF791A78D9532 /* DirectoryMonitor.swift */,
				86EEF2B4325FD5736CBAF440 /* FavoritesStore.swift */,
				10D54B46DC62B3D9EC526A6A /* FileClipboard.swift */,
				5C6F474898998FE0484E237F /* FileOperationService.swift */,
				45584B3388FB270698ACDA84 /* IconCache.swift */,
				B0C55A716675E551BA88676E /* ITermService.swift */,
				F6B70D849D3B3CDEC367A4D9 /* QuickLookManager.swift */,
				445A76C5527EB6E25D6B0738 /* WorkspaceTemplateStore.swift */,
			);
			path = Services;
			sourceTree = "<group>";
		};
		"TEMP_FBE7B2E5-BE51-4E5F-8216-9C3A43B0CBF8" /* multiFinder */ = {
			isa = PBXGroup;
			children = (
				"TEMP_682E9112-88E0-4610-A263-AD970A9931BC" /* Signing.release.xcconfig */,
			);
			path = multiFinder;
			sourceTree = "<group>";
		};
/* End PBXGroup section */

/* Begin PBXNativeTarget section */
		5E5D51B969C5C0190459A165 /* MultiFinder */ = {
			isa = PBXNativeTarget;
			buildConfigurationList = B055C2C8EA4BE8131C04272A /* Build configuration list for PBXNativeTarget "MultiFinder" */;
			buildPhases = (
				A8A4AA4298C72AFDF30DA665 /* Sources */,
				937F89981572DD8C94DD734B /* Resources */,
				3718C43CA9BB0949303D7E91 /* Embed mfd CLI */,
			);
			buildRules = (
			);
			dependencies = (
				76A5496688D155ED125CBF7C /* PBXTargetDependency */,
			);
			name = MultiFinder;
			packageProductDependencies = (
			);
			productName = MultiFinder;
			productReference = 69352263F3CBCD8CFC42EFB3 /* MultiFinder.app */;
			productType = "com.apple.product-type.application";
		};
		C776EC17625FE6778927878C /* MultiFinderTests */ = {
			isa = PBXNativeTarget;
			buildConfigurationList = 0557AA234744FBB2A64DFC9E /* Build configuration list for PBXNativeTarget "MultiFinderTests" */;
			buildPhases = (
				9BD38A77ED5346BC3B27CF64 /* Sources */,
			);
			buildRules = (
			);
			dependencies = (
				A98AAD1DB8D9F64FB32BD1C6 /* PBXTargetDependency */,
			);
			name = MultiFinderTests;
			packageProductDependencies = (
			);
			productName = MultiFinderTests;
			productReference = 1D89C6F66E2C191657CFF4A4 /* MultiFinderTests.xctest */;
			productType = "com.apple.product-type.bundle.unit-test";
		};
		CA6B099FF3988B0E3CE5D479 /* mfd */ = {
			isa = PBXNativeTarget;
			buildConfigurationList = B73B607096669702376483E9 /* Build configuration list for PBXNativeTarget "mfd" */;
			buildPhases = (
				C87AA5127C33270631C343AA /* Sources */,
			);
			buildRules = (
			);
			dependencies = (
			);
			name = mfd;
			packageProductDependencies = (
			);
			productName = mfd;
			productReference = 02171D693DB68FEC50440DF8 /* mfd */;
			productType = "com.apple.product-type.tool";
		};
/* End PBXNativeTarget section */

/* Begin PBXProject section */
		89FFA9CECF96F4369AD545BE /* Project object */ = {
			isa = PBXProject;
			attributes = {
				BuildIndependentTargetsInParallel = YES;
				LastUpgradeCheck = 1430;
				TargetAttributes = {
					5E5D51B969C5C0190459A165 = {
						ProvisioningStyle = Manual;
					};
					CA6B099FF3988B0E3CE5D479 = {
						ProvisioningStyle = Manual;
					};
				};
			};
			buildConfigurationList = 79EEAC45611EE68989F04191 /* Build configuration list for PBXProject "MultiFinder" */;
			developmentRegion = en;
			hasScannedForEncodings = 0;
			knownRegions = (
				Base,
				en,
			);
			mainGroup = 41184FF93095C617F606D71B;
			minimizedProjectReferenceProxies = 1;
			preferredProjectObjectVersion = 77;
			productRefGroup = 90AC558C6ECFE2C9642D7722 /* Products */;
			projectDirPath = "";
			projectRoot = "";
			targets = (
				5E5D51B969C5C0190459A165 /* MultiFinder */,
				C776EC17625FE6778927878C /* MultiFinderTests */,
				CA6B099FF3988B0E3CE5D479 /* mfd */,
			);
		};
/* End PBXProject section */

/* Begin PBXResourcesBuildPhase section */
		937F89981572DD8C94DD734B /* Resources */ = {
			isa = PBXResourcesBuildPhase;
			buildActionMask = 2147483647;
			files = (
				75329D97814E8FA4C9352938 /* Assets.xcassets in Resources */,
			);
			runOnlyForDeploymentPostprocessing = 0;
		};
/* End PBXResourcesBuildPhase section */

/* Begin PBXShellScriptBuildPhase section */
		3718C43CA9BB0949303D7E91 /* Embed mfd CLI */ = {
			isa = PBXShellScriptBuildPhase;
			buildActionMask = 2147483647;
			files = (
			);
			inputFileListPaths = (
			);
			inputPaths = (
				"$(BUILT_PRODUCTS_DIR)/mfd",
			);
			name = "Embed mfd CLI";
			outputFileListPaths = (
			);
			outputPaths = (
				"$(TARGET_BUILD_DIR)/$(CONTENTS_FOLDER_PATH)/Helpers/mfd",
			);
			runOnlyForDeploymentPostprocessing = 0;
			shellPath = /bin/sh;
			shellScript = "HELPERS_DIR=\"$TARGET_BUILD_DIR/$CONTENTS_FOLDER_PATH/Helpers\"\n/bin/mkdir -p \"$HELPERS_DIR\"\n/usr/bin/ditto \"$BUILT_PRODUCTS_DIR/mfd\" \"$HELPERS_DIR/mfd\"\n/bin/chmod 755 \"$HELPERS_DIR/mfd\"\n";
		};
/* End PBXShellScriptBuildPhase section */

/* Begin PBXSourcesBuildPhase section */
		9BD38A77ED5346BC3B27CF64 /* Sources */ = {
			isa = PBXSourcesBuildPhase;
			buildActionMask = 2147483647;
			files = (
				0AE475C8332F130DE61B716E /* AIOrganizeServiceTests.swift in Sources */,
				527A8393819338603844F00C /* AIPlanParsingTests.swift in Sources */,
				11070D15585968AC8ED7E2D9 /* ArchiveOperationTests.swift in Sources */,
				139726AB40EEC6CC592A0A45 /* BatchRenameEngineTests.swift in Sources */,
				23149A507CF22115FB5D694E /* CursorCLIPlannerTests.swift in Sources */,
				9C2A094FD649E6C917B99B57 /* ExternalIntegrationTests.swift in Sources */,
				BAC50EAD4DB2DAA292B1B82B /* FavoritesStoreTests.swift in Sources */,
				EF0B954B30A7433A1009086F /* FileBrowserViewModelTests.swift in Sources */,
				5DA84F5AAD9BC66288409FA2 /* FileClipboardTests.swift in Sources */,
				788258599F4078CCB973660B /* FileItemTests.swift in Sources */,
				0BFDC283FC6679F917FB85C5 /* FileOperationServiceTests.swift in Sources */,
				88E9C87C8F4CE484830FE867 /* LayoutManagerTests.swift in Sources */,
				0E17B4571498C37AE157007C /* PlanValidatorTests.swift in Sources */,
				3BA7EFCB3BC2A9FF97B1DA97 /* WorkspaceTemplateStoreTests.swift in Sources */,
			);
			runOnlyForDeploymentPostprocessing = 0;
		};
		A8A4AA4298C72AFDF30DA665 /* Sources */ = {
			isa = PBXSourcesBuildPhase;
			buildActionMask = 2147483647;
			files = (
				6ACF79E88D9D4FA3CD9D34B7 /* AIPlanModels.swift in Sources */,
				AA31490681D0F7113AF34995 /* AIPlanValidator.swift in Sources */,
				8058104C38913DB3340D2148 /* BatchRenameEngine.swift in Sources */,
				D676D80DD3694BBF16913DC0 /* BatchRenameSheet.swift in Sources */,
				2A4332CC141A94C6F7F4C83C /* BrowserLocation.swift in Sources */,
				DF7BD06F5D19C31E5AC65F3F /* ContentView.swift in Sources */,
				EC057E6DDF77D0673EA0183D /* CursorCLIPlanner.swift in Sources */,
				25B7C2C99E34D89593E66F5A /* DirectoryMonitor.swift in Sources */,
				81706A4AD14DE6CCB219AF5E /* ExternalOpenRequest.swift in Sources */,
				FA0DC5856829222F95E0883D /* FavoritesStore.swift in Sources */,
				B75DCA3A986A6C18A28B4A43 /* FileBrowserPane.swift in Sources */,
				E44A2FC3B8EBB7D55734E7F3 /* FileBrowserViewModel.swift in Sources */,
				BB7830BA34903074D4DAD53A /* FileClipboard.swift in Sources */,
				94A94C23D9FC00A87F160196 /* FileItem.swift in Sources */,
				C7950892B535B8EA18D84EE3 /* FileListView.swift in Sources */,
				42F08FB46FB4D42E172AF033 /* FileOperationService.swift in Sources */,
				B6B9FF7852382CD98C4F0F57 /* ITermService.swift in Sources */,
				D0D9F7BBC005885E02F91DD9 /* IconCache.swift in Sources */,
				5A1DA763E8FE6D45C1DCB115 /* LayoutManager.swift in Sources */,
				4F2DC7485620A11FF3DE6984 /* MultiFinderApp.swift in Sources */,
				7E483BDE7E3105CB6D347711 /* PathBarView.swift in Sources */,
				459181B75CAB943786B02ABA /* QuickLookManager.swift in Sources */,
				25A4BE6460C97FECB5DCD607 /* RenameSheet.swift in Sources */,
				F0FF2A55E0D796D0D22775FE /* SidebarView.swift in Sources */,
				4D5488DD25333F664936C0E9 /* WorkspaceLayoutView.swift in Sources */,
				110D361C68AF00C83B61BF0C /* WorkspaceTemplateStore.swift in Sources */,
			);
			runOnlyForDeploymentPostprocessing = 0;
		};
		C87AA5127C33270631C343AA /* Sources */ = {
			isa = PBXSourcesBuildPhase;
			buildActionMask = 2147483647;
			files = (
				7CB87A60F32132F679DC1C67 /* main.swift in Sources */,
			);
			runOnlyForDeploymentPostprocessing = 0;
		};
/* End PBXSourcesBuildPhase section */

/* Begin PBXTargetDependency section */
		76A5496688D155ED125CBF7C /* PBXTargetDependency */ = {
			isa = PBXTargetDependency;
			target = CA6B099FF3988B0E3CE5D479 /* mfd */;
			targetProxy = E601D556052E95746DE9AEAF /* PBXContainerItemProxy */;
		};
		A98AAD1DB8D9F64FB32BD1C6 /* PBXTargetDependency */ = {
			isa = PBXTargetDependency;
			target = 5E5D51B969C5C0190459A165 /* MultiFinder */;
			targetProxy = 1AAFA5CFD4DAE51DC14CE921 /* PBXContainerItemProxy */;
		};
/* End PBXTargetDependency section */

/* Begin XCBuildConfiguration section */
		165B1DEC96BAA361A12F7A1B /* Release */ = {
			isa = XCBuildConfiguration;
			buildSettings = {
				ASSETCATALOG_COMPILER_APPICON_NAME = AppIcon;
				ASSETCATALOG_COMPILER_GLOBAL_ACCENT_COLOR_NAME = AccentColor;
				CODE_SIGN_ENTITLEMENTS = MultiFinder/MultiFinder.entitlements;
				CODE_SIGN_IDENTITY = "Developer ID Application";
				CODE_SIGN_STYLE = Manual;
				COMBINE_HIDPI_IMAGES = YES;
				CURRENT_PROJECT_VERSION = 1;
				ENABLE_HARDENED_RUNTIME = YES;
				INFOPLIST_FILE = MultiFinder/Info.plist;
				LD_RUNPATH_SEARCH_PATHS = (
					"$(inherited)",
					"@executable_path/../Frameworks",
				);
				MARKETING_VERSION = 1.0.0;
				PRODUCT_BUNDLE_IDENTIFIER = com.multifinder.app;
				PRODUCT_NAME = MultiFinder;
				SDKROOT = macosx;
			};
			name = Release;
		};
		523E3035688C089DA61861B1 /* Release */ = {
			isa = XCBuildConfiguration;
			buildSettings = {
				BUNDLE_LOADER = "$(TEST_HOST)";
				CODE_SIGNING_ALLOWED = NO;
				COMBINE_HIDPI_IMAGES = YES;
				GENERATE_INFOPLIST_FILE = YES;
				LD_RUNPATH_SEARCH_PATHS = (
					"$(inherited)",
					"@executable_path/../Frameworks",
					"@loader_path/../Frameworks",
				);
				PRODUCT_BUNDLE_IDENTIFIER = com.multifinder.tests;
				SDKROOT = macosx;
				TEST_HOST = "$(BUILT_PRODUCTS_DIR)/MultiFinder.app/Contents/MacOS/MultiFinder";
			};
			name = Release;
		};
		666771FE6C9501D62E3BDAD2 /* Release */ = {
			isa = XCBuildConfiguration;
			baseConfigurationReference = "TEMP_682E9112-88E0-4610-A263-AD970A9931BC" /* Signing.release.xcconfig */;
			buildSettings = {
				ALWAYS_SEARCH_USER_PATHS = NO;
				CLANG_ANALYZER_NONNULL = YES;
				CLANG_ANALYZER_NUMBER_OBJECT_CONVERSION = YES_AGGRESSIVE;
				CLANG_CXX_LANGUAGE_STANDARD = "gnu++14";
				CLANG_CXX_LIBRARY = "libc++";
				CLANG_ENABLE_MODULES = YES;
				CLANG_ENABLE_OBJC_ARC = YES;
				CLANG_ENABLE_OBJC_WEAK = YES;
				CLANG_WARN_BLOCK_CAPTURE_AUTORELEASING = YES;
				CLANG_WARN_BOOL_CONVERSION = YES;
				CLANG_WARN_COMMA = YES;
				CLANG_WARN_CONSTANT_CONVERSION = YES;
				CLANG_WARN_DEPRECATED_OBJC_IMPLEMENTATIONS = YES;
				CLANG_WARN_DIRECT_OBJC_ISA_USAGE = YES_ERROR;
				CLANG_WARN_DOCUMENTATION_COMMENTS = YES;
				CLANG_WARN_EMPTY_BODY = YES;
				CLANG_WARN_ENUM_CONVERSION = YES;
				CLANG_WARN_INFINITE_RECURSION = YES;
				CLANG_WARN_INT_CONVERSION = YES;
				CLANG_WARN_NON_LITERAL_NULL_CONVERSION = YES;
				CLANG_WARN_OBJC_IMPLICIT_RETAIN_SELF = YES;
				CLANG_WARN_OBJC_LITERAL_CONVERSION = YES;
				CLANG_WARN_OBJC_ROOT_CLASS = YES_ERROR;
				CLANG_WARN_QUOTED_INCLUDE_IN_FRAMEWORK_HEADER = YES;
				CLANG_WARN_RANGE_LOOP_ANALYSIS = YES;
				CLANG_WARN_STRICT_PROTOTYPES = YES;
				CLANG_WARN_SUSPICIOUS_MOVE = YES;
				CLANG_WARN_UNGUARDED_AVAILABILITY = YES_AGGRESSIVE;
				CLANG_WARN_UNREACHABLE_CODE = YES;
				CLANG_WARN__DUPLICATE_METHOD_MATCH = YES;
				COPY_PHASE_STRIP = NO;
				DEBUG_INFORMATION_FORMAT = "dwarf-with-dsym";
				ENABLE_NS_ASSERTIONS = NO;
				ENABLE_STRICT_OBJC_MSGSEND = YES;
				GCC_C_LANGUAGE_STANDARD = gnu11;
				GCC_NO_COMMON_BLOCKS = YES;
				GCC_WARN_64_TO_32_BIT_CONVERSION = YES;
				GCC_WARN_ABOUT_RETURN_TYPE = YES_ERROR;
				GCC_WARN_UNDECLARED_SELECTOR = YES;
				GCC_WARN_UNINITIALIZED_AUTOS = YES_AGGRESSIVE;
				GCC_WARN_UNUSED_FUNCTION = YES;
				GCC_WARN_UNUSED_VARIABLE = YES;
				MACOSX_DEPLOYMENT_TARGET = 14.0;
				MTL_ENABLE_DEBUG_INFO = NO;
				MTL_FAST_MATH = YES;
				PRODUCT_NAME = "$(TARGET_NAME)";
				SDKROOT = macosx;
				SWIFT_COMPILATION_MODE = wholemodule;
				SWIFT_OPTIMIZATION_LEVEL = "-O";
				SWIFT_STRICT_CONCURRENCY = complete;
				SWIFT_VERSION = 5.9;
			};
			name = Release;
		};
		7F6D964D72ECE2D565CD236A /* Debug */ = {
			isa = XCBuildConfiguration;
			buildSettings = {
				BUNDLE_LOADER = "$(TEST_HOST)";
				CODE_SIGNING_ALLOWED = NO;
				COMBINE_HIDPI_IMAGES = YES;
				GENERATE_INFOPLIST_FILE = YES;
				LD_RUNPATH_SEARCH_PATHS = (
					"$(inherited)",
					"@executable_path/../Frameworks",
					"@loader_path/../Frameworks",
				);
				PRODUCT_BUNDLE_IDENTIFIER = com.multifinder.tests;
				SDKROOT = macosx;
				TEST_HOST = "$(BUILT_PRODUCTS_DIR)/MultiFinder.app/Contents/MacOS/MultiFinder";
			};
			name = Debug;
		};
		A09C1D41683D7BC4700320ED /* Debug */ = {
			isa = XCBuildConfiguration;
			buildSettings = {
				ALWAYS_SEARCH_USER_PATHS = NO;
				CLANG_ANALYZER_NONNULL = YES;
				CLANG_ANALYZER_NUMBER_OBJECT_CONVERSION = YES_AGGRESSIVE;
				CLANG_CXX_LANGUAGE_STANDARD = "gnu++14";
				CLANG_CXX_LIBRARY = "libc++";
				CLANG_ENABLE_MODULES = YES;
				CLANG_ENABLE_OBJC_ARC = YES;
				CLANG_ENABLE_OBJC_WEAK = YES;
				CLANG_WARN_BLOCK_CAPTURE_AUTORELEASING = YES;
				CLANG_WARN_BOOL_CONVERSION = YES;
				CLANG_WARN_COMMA = YES;
				CLANG_WARN_CONSTANT_CONVERSION = YES;
				CLANG_WARN_DEPRECATED_OBJC_IMPLEMENTATIONS = YES;
				CLANG_WARN_DIRECT_OBJC_ISA_USAGE = YES_ERROR;
				CLANG_WARN_DOCUMENTATION_COMMENTS = YES;
				CLANG_WARN_EMPTY_BODY = YES;
				CLANG_WARN_ENUM_CONVERSION = YES;
				CLANG_WARN_INFINITE_RECURSION = YES;
				CLANG_WARN_INT_CONVERSION = YES;
				CLANG_WARN_NON_LITERAL_NULL_CONVERSION = YES;
				CLANG_WARN_OBJC_IMPLICIT_RETAIN_SELF = YES;
				CLANG_WARN_OBJC_LITERAL_CONVERSION = YES;
				CLANG_WARN_OBJC_ROOT_CLASS = YES_ERROR;
				CLANG_WARN_QUOTED_INCLUDE_IN_FRAMEWORK_HEADER = YES;
				CLANG_WARN_RANGE_LOOP_ANALYSIS = YES;
				CLANG_WARN_STRICT_PROTOTYPES = YES;
				CLANG_WARN_SUSPICIOUS_MOVE = YES;
				CLANG_WARN_UNGUARDED_AVAILABILITY = YES_AGGRESSIVE;
				CLANG_WARN_UNREACHABLE_CODE = YES;
				CLANG_WARN__DUPLICATE_METHOD_MATCH = YES;
				COPY_PHASE_STRIP = NO;
				DEBUG_INFORMATION_FORMAT = dwarf;
				ENABLE_STRICT_OBJC_MSGSEND = YES;
				ENABLE_TESTABILITY = YES;
				GCC_C_LANGUAGE_STANDARD = gnu11;
				GCC_DYNAMIC_NO_PIC = NO;
				GCC_NO_COMMON_BLOCKS = YES;
				GCC_OPTIMIZATION_LEVEL = 0;
				GCC_PREPROCESSOR_DEFINITIONS = (
					"$(inherited)",
					"DEBUG=1",
				);
				GCC_WARN_64_TO_32_BIT_CONVERSION = YES;
				GCC_WARN_ABOUT_RETURN_TYPE = YES_ERROR;
				GCC_WARN_UNDECLARED_SELECTOR = YES;
				GCC_WARN_UNINITIALIZED_AUTOS = YES_AGGRESSIVE;
				GCC_WARN_UNUSED_FUNCTION = YES;
				GCC_WARN_UNUSED_VARIABLE = YES;
				MACOSX_DEPLOYMENT_TARGET = 14.0;
				MTL_ENABLE_DEBUG_INFO = INCLUDE_SOURCE;
				MTL_FAST_MATH = YES;
				ONLY_ACTIVE_ARCH = YES;
				PRODUCT_NAME = "$(TARGET_NAME)";
				SDKROOT = macosx;
				SWIFT_ACTIVE_COMPILATION_CONDITIONS = DEBUG;
				SWIFT_OPTIMIZATION_LEVEL = "-Onone";
				SWIFT_STRICT_CONCURRENCY = complete;
				SWIFT_VERSION = 5.9;
			};
			name = Debug;
		};
		CDDBDC3D002C621C9FA70E9B /* Debug */ = {
			isa = XCBuildConfiguration;
			buildSettings = {
				ASSETCATALOG_COMPILER_APPICON_NAME = AppIcon;
				ASSETCATALOG_COMPILER_GLOBAL_ACCENT_COLOR_NAME = AccentColor;
				CODE_SIGN_ENTITLEMENTS = MultiFinder/MultiFinder.entitlements;
				CODE_SIGN_IDENTITY = "-";
				CODE_SIGN_STYLE = Manual;
				COMBINE_HIDPI_IMAGES = YES;
				CURRENT_PROJECT_VERSION = 1;
				ENABLE_HARDENED_RUNTIME = NO;
				INFOPLIST_FILE = MultiFinder/Info.plist;
				LD_RUNPATH_SEARCH_PATHS = (
					"$(inherited)",
					"@executable_path/../Frameworks",
				);
				MARKETING_VERSION = 1.0.0;
				PRODUCT_BUNDLE_IDENTIFIER = com.multifinder.app;
				PRODUCT_NAME = MultiFinder;
				SDKROOT = macosx;
			};
			name = Debug;
		};
		E435A53AC77CE19331E54070 /* Release */ = {
			isa = XCBuildConfiguration;
			buildSettings = {
				CODE_SIGN_IDENTITY = "Developer ID Application";
				CODE_SIGN_STYLE = Manual;
				COMBINE_HIDPI_IMAGES = YES;
				ENABLE_HARDENED_RUNTIME = YES;
				LD_RUNPATH_SEARCH_PATHS = (
					"$(inherited)",
					"@executable_path/../Frameworks",
				);
				PRODUCT_BUNDLE_IDENTIFIER = com.multifinder.mfd;
				PRODUCT_NAME = mfd;
				SDKROOT = macosx;
			};
			name = Release;
		};
		EC0BBFF1EAFE0C76C51791AC /* Debug */ = {
			isa = XCBuildConfiguration;
			buildSettings = {
				CODE_SIGN_IDENTITY = "-";
				CODE_SIGN_STYLE = Manual;
				COMBINE_HIDPI_IMAGES = YES;
				ENABLE_HARDENED_RUNTIME = NO;
				LD_RUNPATH_SEARCH_PATHS = (
					"$(inherited)",
					"@executable_path/../Frameworks",
				);
				PRODUCT_BUNDLE_IDENTIFIER = com.multifinder.mfd;
				PRODUCT_NAME = mfd;
				SDKROOT = macosx;
			};
			name = Debug;
		};
/* End XCBuildConfiguration section */

/* Begin XCConfigurationList section */
		0557AA234744FBB2A64DFC9E /* Build configuration list for PBXNativeTarget "MultiFinderTests" */ = {
			isa = XCConfigurationList;
			buildConfigurations = (
				7F6D964D72ECE2D565CD236A /* Debug */,
				523E3035688C089DA61861B1 /* Release */,
			);
			defaultConfigurationIsVisible = 0;
			defaultConfigurationName = Debug;
		};
		79EEAC45611EE68989F04191 /* Build configuration list for PBXProject "MultiFinder" */ = {
			isa = XCConfigurationList;
			buildConfigurations = (
				A09C1D41683D7BC4700320ED /* Debug */,
				666771FE6C9501D62E3BDAD2 /* Release */,
			);
			defaultConfigurationIsVisible = 0;
			defaultConfigurationName = Debug;
		};
		B055C2C8EA4BE8131C04272A /* Build configuration list for PBXNativeTarget "MultiFinder" */ = {
			isa = XCConfigurationList;
			buildConfigurations = (
				CDDBDC3D002C621C9FA70E9B /* Debug */,
				165B1DEC96BAA361A12F7A1B /* Release */,
			);
			defaultConfigurationIsVisible = 0;
			defaultConfigurationName = Debug;
		};
		B73B607096669702376483E9 /* Build configuration list for PBXNativeTarget "mfd" */ = {
			isa = XCConfigurationList;
			buildConfigurations = (
				EC0BBFF1EAFE0C76C51791AC /* Debug */,
				E435A53AC77CE19331E54070 /* Release */,
			);
			defaultConfigurationIsVisible = 0;
			defaultConfigurationName = Debug;
		};
/* End XCConfigurationList section */
	};
	rootObject = 89FFA9CECF96F4369AD545BE /* Project object */;
}
